
Microsoft Visual Studio Solution File, Format Version 12.00
# Visual Studio Version 17
VisualStudioVersion = 17.9.34902.65
MinimumVisualStudioVersion = 10.0.40219.1
Project("{FAE04EC0-301F-11D3-BF4B-00C04F79EFBC}") = "DashboardSensorAppPrototype", "DashboardSensorAppPrototype\DashboardSensorAppPrototype.csproj", "{9BAC4866-2976-4325-B4C7-6A82C35FAB5B}"
EndProject
Global
	GlobalSection(SolutionConfigurationPlatforms) = preSolution
		Debug|Any CPU = Debug|Any CPU
		Release|Any CPU = Release|Any CPU
	EndGlobalSection
	GlobalSection(ProjectConfigurationPlatforms) = postSolution
		{9BAC4866-2976-4325-B4C7-6A82C35FAB5B}.Debug|Any CPU.ActiveCfg = Debug|Any CPU
		{9BAC4866-2976-4325-B4C7-6A82C35FAB5B}.Debug|Any CPU.Build.0 = Debug|Any CPU
		{9BAC4866-2976-4325-B4C7-6A82C35FAB5B}.Release|Any CPU.ActiveCfg = Release|Any CPU
		{9BAC4866-2976-4325-B4C7-6A82C35FAB5B}.Release|Any CPU.Build.0 = Release|Any CPU
	EndGlobalSection
	GlobalSection(SolutionProperties) = preSolution
		HideSolutionNode = FALSE
	EndGlobalSection
	GlobalSection(ExtensibilityGlobals) = postSolution
		SolutionGuid = {58715009-7AC5-462A-8B75-525925156FD2}
	EndGlobalSection
EndGlobal
